
Microsoft Visual Studio Solution File, Format Version 12.00
# Visual Studio Version 17
VisualStudioVersion = 17.3.32825.248
MinimumVisualStudioVersion = 10.0.40219.1
Project("{9A19103F-16F7-4668-BE54-9A1E7A4F7556}") = "Assignment 4", "Assignment 4\Assignment 4.csproj", "{37320C92-92F6-4E3B-BB7C-61D89FB84309}"
EndProject
Project("{9A19103F-16F7-4668-BE54-9A1E7A4F7556}") = "Assignment 4Tests", "Assignment 4Tests\Assignment 4Tests.csproj", "{7DBD40E0-7B1A-4973-B4B9-EDA53BC96FFD}"
EndProject
Global
	GlobalSection(SolutionConfigurationPlatforms) = preSolution
		Debug|Any CPU = Debug|Any CPU
		Release|Any CPU = Release|Any CPU
	EndGlobalSection
	GlobalSection(ProjectConfigurationPlatforms) = postSolution
		{37320C92-92F6-4E3B-BB7C-61D89FB84309}.Debug|Any CPU.ActiveCfg = Debug|Any CPU
		{37320C92-92F6-4E3B-BB7C-61D89FB84309}.Debug|Any CPU.Build.0 = Debug|Any CPU
		{37320C92-92F6-4E3B-BB7C-61D89FB84309}.Release|Any CPU.ActiveCfg = Release|Any CPU
		{37320C92-92F6-4E3B-BB7C-61D89FB84309}.Release|Any CPU.Build.0 = Release|Any CPU
		{7DBD40E0-7B1A-4973-B4B9-EDA53BC96FFD}.Debug|Any CPU.ActiveCfg = Debug|Any CPU
		{7DBD40E0-7B1A-4973-B4B9-EDA53BC96FFD}.Debug|Any CPU.Build.0 = Debug|Any CPU
		{7DBD40E0-7B1A-4973-B4B9-EDA53BC96FFD}.Release|Any CPU.ActiveCfg = Release|Any CPU
		{7DBD40E0-7B1A-4973-B4B9-EDA53BC96FFD}.Release|Any CPU.Build.0 = Release|Any CPU
	EndGlobalSection
	GlobalSection(SolutionProperties) = preSolution
		HideSolutionNode = FALSE
	EndGlobalSection
	GlobalSection(ExtensibilityGlobals) = postSolution
		SolutionGuid = {F55877A4-209E-437A-843C-3BAB12292415}
	EndGlobalSection
EndGlobal
